
Microsoft Visual Studio Solution File, Format Version 12.00
# Visual Studio 14
VisualStudioVersion = 14.0.23107.0
MinimumVisualStudioVersion = 10.0.40219.1
Project("{FAE04EC0-301F-11D3-BF4B-00C04F79EFBC}") = "Micromagic", "Micromagic\Micromagic.csproj", "{71343D20-3816-4EDA-AB0E-EA12569368EA}"
EndProject
Project("{FAE04EC0-301F-11D3-BF4B-00C04F79EFBC}") = "MicroService", "MicroService\MicroService.csproj", "{CD0D1E46-9F54-4E79-9833-1FDEA4D6B368}"
EndProject
Project("{FAE04EC0-301F-11D3-BF4B-00C04F79EFBC}") = "MicroUtils", "MicroUtils\MicroUtils.csproj", "{1AFDD8D6-17E5-4CF2-BEC5-081A8E9797B9}"
EndProject
Project("{FAE04EC0-301F-11D3-BF4B-00C04F79EFBC}") = "MicroServiceTests", "MicroServiceTests\MicroServiceTests.csproj", "{9CCA5DA6-D042-4D84-96BF-61AD6F78E3A6}"
EndProject
Global
	GlobalSection(SolutionConfigurationPlatforms) = preSolution
		Debug|Any CPU = Debug|Any CPU
		Release|Any CPU = Release|Any CPU
	EndGlobalSection
	GlobalSection(ProjectConfigurationPlatforms) = postSolution
		{71343D20-3816-4EDA-AB0E-EA12569368EA}.Debug|Any CPU.ActiveCfg = Debug|Any CPU
		{71343D20-3816-4EDA-AB0E-EA12569368EA}.Debug|Any CPU.Build.0 = Debug|Any CPU
		{71343D20-3816-4EDA-AB0E-EA12569368EA}.Release|Any CPU.ActiveCfg = Release|Any CPU
		{71343D20-3816-4EDA-AB0E-EA12569368EA}.Release|Any CPU.Build.0 = Release|Any CPU
		{CD0D1E46-9F54-4E79-9833-1FDEA4D6B368}.Debug|Any CPU.ActiveCfg = Debug|Any CPU
		{CD0D1E46-9F54-4E79-9833-1FDEA4D6B368}.Debug|Any CPU.Build.0 = Debug|Any CPU
		{CD0D1E46-9F54-4E79-9833-1FDEA4D6B368}.Release|Any CPU.ActiveCfg = Release|Any CPU
		{CD0D1E46-9F54-4E79-9833-1FDEA4D6B368}.Release|Any CPU.Build.0 = Release|Any CPU
		{1AFDD8D6-17E5-4CF2-BEC5-081A8E9797B9}.Debug|Any CPU.ActiveCfg = Debug|Any CPU
		{1AFDD8D6-17E5-4CF2-BEC5-081A8E9797B9}.Debug|Any CPU.Build.0 = Debug|Any CPU
		{1AFDD8D6-17E5-4CF2-BEC5-081A8E9797B9}.Release|Any CPU.ActiveCfg = Release|Any CPU
		{1AFDD8D6-17E5-4CF2-BEC5-081A8E9797B9}.Release|Any CPU.Build.0 = Release|Any CPU
		{9CCA5DA6-D042-4D84-96BF-61AD6F78E3A6}.Debug|Any CPU.ActiveCfg = Debug|Any CPU
		{9CCA5DA6-D042-4D84-96BF-61AD6F78E3A6}.Debug|Any CPU.Build.0 = Debug|Any CPU
		{9CCA5DA6-D042-4D84-96BF-61AD6F78E3A6}.Release|Any CPU.ActiveCfg = Release|Any CPU
		{9CCA5DA6-D042-4D84-96BF-61AD6F78E3A6}.Release|Any CPU.Build.0 = Release|Any CPU
	EndGlobalSection
	GlobalSection(SolutionProperties) = preSolution
		HideSolutionNode = FALSE
	EndGlobalSection
EndGlobal
